
Microsoft Visual Studio Solution File, Format Version 12.00
# Visual Studio Version 16
VisualStudioVersion = 16.0.29926.136
MinimumVisualStudioVersion = 10.0.40219.1
Project("{FAE04EC0-301F-11D3-BF4B-00C04F79EFBC}") = "Entities", "Entities\Entities.csproj", "{9BF88081-7DDA-4D5F-B2B5-80C48ED85671}"
EndProject
Project("{FAE04EC0-301F-11D3-BF4B-00C04F79EFBC}") = "DataAccess", "DataAccess\DataAccess.csproj", "{AF13142C-ED20-4E2F-9E40-F4B88A532478}"
EndProject
Project("{FAE04EC0-301F-11D3-BF4B-00C04F79EFBC}") = "Business", "Business\Business.csproj", "{6F887DBD-B27A-431B-89D1-2E6B8C4FD3F8}"
EndProject
Project("{FAE04EC0-301F-11D3-BF4B-00C04F79EFBC}") = "Core", "Core\Core.csproj", "{6EEA6DAB-80CC-4C56-B54E-4DD42462E7D4}"
EndProject
Project("{FAE04EC0-301F-11D3-BF4B-00C04F79EFBC}") = "WebAPI", "WebAPI\WebAPI.csproj", "{FC579E66-9275-431F-8F6E-BC58FD33FC88}"
EndProject
Global
	GlobalSection(SolutionConfigurationPlatforms) = preSolution
		Debug|Any CPU = Debug|Any CPU
		Release|Any CPU = Release|Any CPU
	EndGlobalSection
	GlobalSection(ProjectConfigurationPlatforms) = postSolution
		{9BF88081-7DDA-4D5F-B2B5-80C48ED85671}.Debug|Any CPU.ActiveCfg = Debug|Any CPU
		{9BF88081-7DDA-4D5F-B2B5-80C48ED85671}.Debug|Any CPU.Build.0 = Debug|Any CPU
		{9BF88081-7DDA-4D5F-B2B5-80C48ED85671}.Release|Any CPU.ActiveCfg = Release|Any CPU
		{9BF88081-7DDA-4D5F-B2B5-80C48ED85671}.Release|Any CPU.Build.0 = Release|Any CPU
		{AF13142C-ED20-4E2F-9E40-F4B88A532478}.Debug|Any CPU.ActiveCfg = Debug|Any CPU
		{AF13142C-ED20-4E2F-9E40-F4B88A532478}.Debug|Any CPU.Build.0 = Debug|Any CPU
		{AF13142C-ED20-4E2F-9E40-F4B88A532478}.Release|Any CPU.ActiveCfg = Release|Any CPU
		{AF13142C-ED20-4E2F-9E40-F4B88A532478}.Release|Any CPU.Build.0 = Release|Any CPU
		{6F887DBD-B27A-431B-89D1-2E6B8C4FD3F8}.Debug|Any CPU.ActiveCfg = Debug|Any CPU
		{6F887DBD-B27A-431B-89D1-2E6B8C4FD3F8}.Debug|Any CPU.Build.0 = Debug|Any CPU
		{6F887DBD-B27A-431B-89D1-2E6B8C4FD3F8}.Release|Any CPU.ActiveCfg = Release|Any CPU
		{6F887DBD-B27A-431B-89D1-2E6B8C4FD3F8}.Release|Any CPU.Build.0 = Release|Any CPU
		{6EEA6DAB-80CC-4C56-B54E-4DD42462E7D4}.Debug|Any CPU.ActiveCfg = Debug|Any CPU
		{6EEA6DAB-80CC-4C56-B54E-4DD42462E7D4}.Debug|Any CPU.Build.0 = Debug|Any CPU
		{6EEA6DAB-80CC-4C56-B54E-4DD42462E7D4}.Release|Any CPU.ActiveCfg = Release|Any CPU
		{6EEA6DAB-80CC-4C56-B54E-4DD42462E7D4}.Release|Any CPU.Build.0 = Release|Any CPU
		{FC579E66-9275-431F-8F6E-BC58FD33FC88}.Debug|Any CPU.ActiveCfg = Debug|Any CPU
		{FC579E66-9275-431F-8F6E-BC58FD33FC88}.Debug|Any CPU.Build.0 = Debug|Any CPU
		{FC579E66-9275-431F-8F6E-BC58FD33FC88}.Release|Any CPU.ActiveCfg = Release|Any CPU
		{FC579E66-9275-431F-8F6E-BC58FD33FC88}.Release|Any CPU.Build.0 = Release|Any CPU
	EndGlobalSection
	GlobalSection(SolutionProperties) = preSolution
		HideSolutionNode = FALSE
	EndGlobalSection
	GlobalSection(ExtensibilityGlobals) = postSolution
		SolutionGuid = {566BDF8C-46EB-4CCB-BFD6-D4677B737967}
	EndGlobalSection
EndGlobal
